
Microsoft Visual Studio Solution File, Format Version 12.00
# Visual Studio Version 16
VisualStudioVersion = 16.0.30128.74
MinimumVisualStudioVersion = 10.0.40219.1
Project("{FAE04EC0-301F-11D3-BF4B-00C04F79EFBC}") = "Slovo", "Slovo\Slovo.csproj", "{A0408E2A-46B7-4C2A-AC9A-2DD82031546A}"
EndProject
Global
	GlobalSection(SolutionConfigurationPlatforms) = preSolution
		Debug|Any CPU = Debug|Any CPU
		Release|Any CPU = Release|Any CPU
	EndGlobalSection
	GlobalSection(ProjectConfigurationPlatforms) = postSolution
		{A0408E2A-46B7-4C2A-AC9A-2DD82031546A}.Debug|Any CPU.ActiveCfg = Debug|Any CPU
		{A0408E2A-46B7-4C2A-AC9A-2DD82031546A}.Debug|Any CPU.Build.0 = Debug|Any CPU
		{A0408E2A-46B7-4C2A-AC9A-2DD82031546A}.Release|Any CPU.ActiveCfg = Release|Any CPU
		{A0408E2A-46B7-4C2A-AC9A-2DD82031546A}.Release|Any CPU.Build.0 = Release|Any CPU
	EndGlobalSection
	GlobalSection(SolutionProperties) = preSolution
		HideSolutionNode = FALSE
	EndGlobalSection
	GlobalSection(ExtensibilityGlobals) = postSolution
		SolutionGuid = {F54D33DB-3EBD-48F4-8E94-19AC11AC3044}
	EndGlobalSection
EndGlobal
